
Microsoft Visual Studio Solution File, Format Version 12.00
# Visual Studio Version 17
VisualStudioVersion = 17.5.2.0
MinimumVisualStudioVersion = 10.0.40219.1
Project("{2150E333-8FDC-42A3-9474-1A3956D46DE8}") = "POC-Applications", "POC-Applications", "{05682E50-2B14-45FF-A920-620CA1A9FFA9}"
EndProject
Project("{9A19103F-16F7-4668-BE54-9A1E7A4F7556}") = "POC.Databases", "POC.Databases\POC.Databases.csproj", "{975A81C1-8504-4877-9484-06485A755520}"
EndProject
Project("{FAE04EC0-301F-11D3-BF4B-00C04F79EFBC}") = "JsonSchemaShredder", "JsonSchemaShredder\JsonSchemaShredder.csproj", "{E84B41E3-0566-41CB-ACDB-A84B4ED60541}"
EndProject
Project("{FAE04EC0-301F-11D3-BF4B-00C04F79EFBC}") = "JsonSchemaShredder.Tests", "JsonSchemaShredder.Tests\JsonSchemaShredder.Tests.csproj", "{FFD8850E-AA48-4F1E-96BE-E45A74F67939}"
EndProject
Global
	GlobalSection(SolutionConfigurationPlatforms) = preSolution
		Debug|Any CPU = Debug|Any CPU
		Debug|x64 = Debug|x64
		Debug|x86 = Debug|x86
		Release|Any CPU = Release|Any CPU
		Release|x64 = Release|x64
		Release|x86 = Release|x86
	EndGlobalSection
	GlobalSection(ProjectConfigurationPlatforms) = postSolution
		{975A81C1-8504-4877-9484-06485A755520}.Debug|Any CPU.ActiveCfg = Debug|Any CPU
		{975A81C1-8504-4877-9484-06485A755520}.Debug|Any CPU.Build.0 = Debug|Any CPU
		{975A81C1-8504-4877-9484-06485A755520}.Debug|x64.ActiveCfg = Debug|Any CPU
		{975A81C1-8504-4877-9484-06485A755520}.Debug|x64.Build.0 = Debug|Any CPU
		{975A81C1-8504-4877-9484-06485A755520}.Debug|x86.ActiveCfg = Debug|Any CPU
		{975A81C1-8504-4877-9484-06485A755520}.Debug|x86.Build.0 = Debug|Any CPU
		{975A81C1-8504-4877-9484-06485A755520}.Release|Any CPU.ActiveCfg = Release|Any CPU
		{975A81C1-8504-4877-9484-06485A755520}.Release|Any CPU.Build.0 = Release|Any CPU
		{975A81C1-8504-4877-9484-06485A755520}.Release|x64.ActiveCfg = Release|Any CPU
		{975A81C1-8504-4877-9484-06485A755520}.Release|x64.Build.0 = Release|Any CPU
		{975A81C1-8504-4877-9484-06485A755520}.Release|x86.ActiveCfg = Release|Any CPU
		{975A81C1-8504-4877-9484-06485A755520}.Release|x86.Build.0 = Release|Any CPU
		{E84B41E3-0566-41CB-ACDB-A84B4ED60541}.Debug|Any CPU.ActiveCfg = Debug|Any CPU
		{E84B41E3-0566-41CB-ACDB-A84B4ED60541}.Debug|Any CPU.Build.0 = Debug|Any CPU
		{E84B41E3-0566-41CB-ACDB-A84B4ED60541}.Debug|x64.ActiveCfg = Debug|Any CPU
		{E84B41E3-0566-41CB-ACDB-A84B4ED60541}.Debug|x64.Build.0 = Debug|Any CPU
		{E84B41E3-0566-41CB-ACDB-A84B4ED60541}.Debug|x86.ActiveCfg = Debug|Any CPU
		{E84B41E3-0566-41CB-ACDB-A84B4ED60541}.Debug|x86.Build.0 = Debug|Any CPU
		{E84B41E3-0566-41CB-ACDB-A84B4ED60541}.Release|Any CPU.ActiveCfg = Release|Any CPU
		{E84B41E3-0566-41CB-ACDB-A84B4ED60541}.Release|Any CPU.Build.0 = Release|Any CPU
		{E84B41E3-0566-41CB-ACDB-A84B4ED60541}.Release|x64.ActiveCfg = Release|Any CPU
		{E84B41E3-0566-41CB-ACDB-A84B4ED60541}.Release|x64.Build.0 = Release|Any CPU
		{E84B41E3-0566-41CB-ACDB-A84B4ED60541}.Release|x86.ActiveCfg = Release|Any CPU
		{E84B41E3-0566-41CB-ACDB-A84B4ED60541}.Release|x86.Build.0 = Release|Any CPU
		{FFD8850E-AA48-4F1E-96BE-E45A74F67939}.Debug|Any CPU.ActiveCfg = Debug|Any CPU
		{FFD8850E-AA48-4F1E-96BE-E45A74F67939}.Debug|Any CPU.Build.0 = Debug|Any CPU
		{FFD8850E-AA48-4F1E-96BE-E45A74F67939}.Debug|x64.ActiveCfg = Debug|Any CPU
		{FFD8850E-AA48-4F1E-96BE-E45A74F67939}.Debug|x64.Build.0 = Debug|Any CPU
		{FFD8850E-AA48-4F1E-96BE-E45A74F67939}.Debug|x86.ActiveCfg = Debug|Any CPU
		{FFD8850E-AA48-4F1E-96BE-E45A74F67939}.Debug|x86.Build.0 = Debug|Any CPU
		{FFD8850E-AA48-4F1E-96BE-E45A74F67939}.Release|Any CPU.ActiveCfg = Release|Any CPU
		{FFD8850E-AA48-4F1E-96BE-E45A74F67939}.Release|Any CPU.Build.0 = Release|Any CPU
		{FFD8850E-AA48-4F1E-96BE-E45A74F67939}.Release|x64.ActiveCfg = Release|Any CPU
		{FFD8850E-AA48-4F1E-96BE-E45A74F67939}.Release|x64.Build.0 = Release|Any CPU
		{FFD8850E-AA48-4F1E-96BE-E45A74F67939}.Release|x86.ActiveCfg = Release|Any CPU
		{FFD8850E-AA48-4F1E-96BE-E45A74F67939}.Release|x86.Build.0 = Release|Any CPU
	EndGlobalSection
	GlobalSection(SolutionProperties) = preSolution
		HideSolutionNode = FALSE
	EndGlobalSection
	GlobalSection(NestedProjects) = preSolution
		{975A81C1-8504-4877-9484-06485A755520} = {05682E50-2B14-45FF-A920-620CA1A9FFA9}
	EndGlobalSection
	GlobalSection(ExtensibilityGlobals) = postSolution
		SolutionGuid = {064FAEFB-CEC0-408C-9F01-8AA76D69F917}
	EndGlobalSection
EndGlobal
